
Microsoft Visual Studio Solution File, Format Version 12.00
# Visual Studio 15
VisualStudioVersion = 15.0.28010.0
MinimumVisualStudioVersion = 10.0.40219.1
Project("{E53339B2-1760-4266-BCC7-CA923CBCF16C}") = "docker-compose", "docker-compose.dcproj", "{EC268100-B39B-47F2-A538-3D3C83EE502D}"
EndProject
Global
	GlobalSection(SolutionConfigurationPlatforms) = preSolution
		Debug|Any CPU = Debug|Any CPU
		Release|Any CPU = Release|Any CPU
	EndGlobalSection
	GlobalSection(ProjectConfigurationPlatforms) = postSolution
		{EC268100-B39B-47F2-A538-3D3C83EE502D}.Debug|Any CPU.ActiveCfg = Debug|Any CPU
		{EC268100-B39B-47F2-A538-3D3C83EE502D}.Debug|Any CPU.Build.0 = Debug|Any CPU
		{EC268100-B39B-47F2-A538-3D3C83EE502D}.Release|Any CPU.ActiveCfg = Release|Any CPU
		{EC268100-B39B-47F2-A538-3D3C83EE502D}.Release|Any CPU.Build.0 = Release|Any CPU
	EndGlobalSection
	GlobalSection(SolutionProperties) = preSolution
		HideSolutionNode = FALSE
	EndGlobalSection
	GlobalSection(ExtensibilityGlobals) = postSolution
		SolutionGuid = {34541CBD-825A-4EC4-929C-1A613E8FE562}
	EndGlobalSection
EndGlobal
